
Microsoft Visual Studio Solution File, Format Version 12.00
# Visual Studio Version 16
VisualStudioVersion = 16.0.29911.84
MinimumVisualStudioVersion = 10.0.40219.1
Project("{FAE04EC0-301F-11D3-BF4B-00C04F79EFBC}") = "Colas", "Colas\Colas.csproj", "{AA5A5A7E-AE82-4142-BCED-7ECBF2246750}"
EndProject
Global
	GlobalSection(SolutionConfigurationPlatforms) = preSolution
		Debug|Any CPU = Debug|Any CPU
		Release|Any CPU = Release|Any CPU
	EndGlobalSection
	GlobalSection(ProjectConfigurationPlatforms) = postSolution
		{AA5A5A7E-AE82-4142-BCED-7ECBF2246750}.Debug|Any CPU.ActiveCfg = Debug|Any CPU
		{AA5A5A7E-AE82-4142-BCED-7ECBF2246750}.Debug|Any CPU.Build.0 = Debug|Any CPU
		{AA5A5A7E-AE82-4142-BCED-7ECBF2246750}.Release|Any CPU.ActiveCfg = Release|Any CPU
		{AA5A5A7E-AE82-4142-BCED-7ECBF2246750}.Release|Any CPU.Build.0 = Release|Any CPU
	EndGlobalSection
	GlobalSection(SolutionProperties) = preSolution
		HideSolutionNode = FALSE
	EndGlobalSection
	GlobalSection(ExtensibilityGlobals) = postSolution
		SolutionGuid = {F4A57CB0-8AD3-45E0-9FD6-D1BC78EAEEF1}
	EndGlobalSection
EndGlobal
